PODS:
  - SkyFloatingLabelTextField (3.6.0)

DEPENDENCIES:
  - SkyFloatingLabelTextField (~> 3.0)

SPEC REPOS:
  https://github.com/cocoapods/specs.git:
    - SkyFloatingLabelTextField

SPEC CHECKSUMS:
  SkyFloatingLabelTextField: 38164979b79512f9ff9288ad8acfc4bbf5d843e3

PODFILE CHECKSUM: 68aff02f4fd95c1cb12c9b4b0d0bb1b94b0d0980

COCOAPODS: 1.6.0.beta.2
